
Microsoft Visual Studio Solution File, Format Version 12.00
# Visual Studio 15
VisualStudioVersion = 15.0.28307.1062
MinimumVisualStudioVersion = 10.0.40219.1
Project("{FAE04EC0-301F-11D3-BF4B-00C04F79EFBC}") = "DAN_XLVIII_Kristina_Garcia_Francisco", "DAN_XVIV_Kristina_Garcia_Francisco\DAN_XLVIII_Kristina_Garcia_Francisco.csproj", "{D84FA7D7-39F5-480A-8DF8-343983712A41}"
EndProject
Global
	GlobalSection(SolutionConfigurationPlatforms) = preSolution
		Debug|Any CPU = Debug|Any CPU
		Release|Any CPU = Release|Any CPU
	EndGlobalSection
	GlobalSection(ProjectConfigurationPlatforms) = postSolution
		{D84FA7D7-39F5-480A-8DF8-343983712A41}.Debug|Any CPU.ActiveCfg = Debug|Any CPU
		{D84FA7D7-39F5-480A-8DF8-343983712A41}.Debug|Any CPU.Build.0 = Debug|Any CPU
		{D84FA7D7-39F5-480A-8DF8-343983712A41}.Release|Any CPU.ActiveCfg = Release|Any CPU
		{D84FA7D7-39F5-480A-8DF8-343983712A41}.Release|Any CPU.Build.0 = Release|Any CPU
	EndGlobalSection
	GlobalSection(SolutionProperties) = preSolution
		HideSolutionNode = FALSE
	EndGlobalSection
	GlobalSection(ExtensibilityGlobals) = postSolution
		SolutionGuid = {3CD767C1-A635-48FB-9035-2DD4193EADD8}
	EndGlobalSection
EndGlobal
